github.com/araddon/dateparse v0.0.0-20210429162001-6b43995a97de h1:FxWPpzIjnTlhPwqqXc4/vE0f7GvRjuAsbW+HOIe8KnA=
github.com/araddon/dateparse v0.0.0-20210429162001-6b43995a97de/go.mod h1:DCaWoUhZrYW9p1lxo/cm8EmUOOzAPSEZNGF2DK1dJgw=
github.com/davecgh/go-spew v1.1.0/go.mod h1:J7Y8YcW2NihsgmVo/mv3lAwl/skON4iLHjSsI+c5H38=
github.com/davecgh/go-spew v1.1.1 h1:vj9j/u1bqnvCEfJOwUhtlOARqs3+rkHYY13jYWTU97c=
github.com/davecgh/go-spew v1.1.1/go.mod h1:J7Y8YcW2NihsgmVo/mv3lAwl/skON4iLHjSsI+c5H38=
github.com/fantasim/gorunner v0.1.2 h1:dGgGg62xWbg+SgdmXgGOjqPC83ObnSfWwN6d5SJoUmk=
github.com/fantasim/gorunner v0.1.2/go.mod h1:uv6FLGIiz8o9KLNDXBIhAWL54FwXlCXOtTCQyi1nMPQ=
github.com/fantasim/gorunner v0.1.6 h1:sTyS3Z3AZhUeGYkMrTWHP0LLWS8Tre7aoz+bqM2tEJw=
github.com/fantasim/gorunner v0.1.6/go.mod h1:uv6FLGIiz8o9KLNDXBIhAWL54FwXlCXOtTCQyi1nMPQ=
github.com/fantasim/gorunner v0.1.7 h1:rwqTcIBPZTtiImjIFC1lhDhd1bb+cuziUidHhMG2O9U=
github.com/fantasim/gorunner v0.1.7/go.mod h1:uv6FLGIiz8o9KLNDXBIhAWL54FwXlCXOtTCQyi1nMPQ=
github.com/fantasim/gorunner v0.1.9 h1:hNFt5eDJ+L6rOwAjUD9PQuhsukwfUUj4e2QVU9TQe6I=
github.com/fantasim/gorunner v0.1.9/go.mod h1:uv6FLGIiz8o9KLNDXBIhAWL54FwXlCXOtTCQyi1nMPQ=
github.com/fantasim/gorunner v0.2.0 h1:MJMozdAYEZL4EbUUNKG44dL5KQmgVBuTlOBw7V8yNDM=
github.com/fantasim/gorunner v0.2.0/go.mod h1:uv6FLGIiz8o9KLNDXBIhAWL54FwXlCXOtTCQyi1nMPQ=
github.com/fantasim/gorunner v0.2.8 h1:wPf/qsB6DVY52KgiDGssyXRa97BlAP/YyAznR0cT8nQ=
github.com/fantasim/gorunner v0.2.8/go.mod h1:7uIvNoKnmDFhII6ZCjQJsaYZp0aWLBKO72bOD8Ejapo=
github.com/fantasim/gorunner v0.3.1 h1:FJZUmwRPwD7nKPzuscekaPwSFIVAD7mPkp7hcP7exYY=
github.com/fantasim/gorunner v0.3.1/go.mod h1:7uIvNoKnmDFhII6ZCjQJsaYZp0aWLBKO72bOD8Ejapo=
github.com/fsnotify/fsnotify v1.7.0 h1:8JEhPFa5W2WU7YfeZzPNqzMP6Lwt7L2715Ggo0nosvA=
github.com/fsnotify/fsnotify v1.7.0/go.mod h1:40Bi/Hjc2AVfZrqy+aj+yEI+/bRxZnMJyTJwOpGvigM=
github.com/gorilla/websocket v1.5.1 h1:gmztn0JnHVt9JZquRuzLw3g4wouNVzKL15iLr/zn/QY=
github.com/gorilla/websocket v1.5.1/go.mod h1:x3kM2JMyaluk02fnUJpQuwD2dCS5NDG2ZHL0uE0tcaY=
github.com/joho/godotenv v1.5.1 h1:7eLL/+HRGLY0ldzfGMeQkb7vMd0as4CfYvUVzLqw0N0=
github.com/joho/godotenv v1.5.1/go.mod h1:f4LDr5Voq0i2e/R5DDNOoa2zzDfwtkZa6DnEwAbqwq4=
github.com/mattn/go-runewidth v0.0.10/go.mod h1:RAqKPSqVFrSLVXbA8x7dzmKdmGzieGRCM46jaSJTDAk=
github.com/mitchellh/mapstructure v1.5.0 h1:jeMsZIYE/09sWLaz43PL7Gy6RuMjD2eJVyuac5Z2hdY=
github.com/mitchellh/mapstructure v1.5.0/go.mod h1:bFUtVrKA4DC2yAKiSyO/QUcy7e+RRV2QTWOzhPopBRo=
github.com/pendulea/pendule-common v0.2.5 h1:hDMuuPzSuhsBP7f/3DKlhVYVCcoY8y3aJ/HstNjNXrk=
github.com/pendulea/pendule-common v0.2.5/go.mod h1:3wzl6/uscSujSjLBBtEZIHliAxfBtQHJRD0toK0o8rg=
github.com/pendulea/pendule-common v0.2.6 h1:cdBxNib/Kk/gg9p6xvvw5xG7nz6sSl5IOiYWo40JIx4=
github.com/pendulea/pendule-common v0.2.6/go.mod h1:3wzl6/uscSujSjLBBtEZIHliAxfBtQHJRD0toK0o8rg=
github.com/pendulea/pendule-common v0.2.7 h1:PmwzaIWzAEd/zLARA2eLhB6UNoxnu+lmjsdH6mQcHi0=
github.com/pendulea/pendule-common v0.2.7/go.mod h1:3wzl6/uscSujSjLBBtEZIHliAxfBtQHJRD0toK0o8rg=
github.com/pendulea/pendule-common v0.3.3 h1:hzo9l+L4B4QBDqi09m9rjg6YDlLyikAMIHiwKV5loXA=
github.com/pendulea/pendule-common v0.3.3/go.mod h1:3wzl6/uscSujSjLBBtEZIHliAxfBtQHJRD0toK0o8rg=
github.com/pendulea/pendule-common v0.3.4 h1:QPPne28h4Wg56pllJyztPOeRl4ykFfs3Ce0dIEkL2qA=
github.com/pendulea/pendule-common v0.3.4/go.mod h1:3wzl6/uscSujSjLBBtEZIHliAxfBtQHJRD0toK0o8rg=
github.com/pendulea/pendule-common v0.4.7 h1:Y8edHyThnlkxwd93K13rNl33t5s9v2B+atBCwJ9Gyhw=
github.com/pendulea/pendule-common v0.4.7/go.mod h1:3wzl6/uscSujSjLBBtEZIHliAxfBtQHJRD0toK0o8rg=
github.com/pendulea/pendule-common v0.4.8 h1:AMIwbmJpoeRYSKB9DzpgAX/UnAFW2asFsHxM1p/060g=
github.com/pendulea/pendule-common v0.4.8/go.mod h1:3wzl6/uscSujSjLBBtEZIHliAxfBtQHJRD0toK0o8rg=
github.com/pendulea/pendule-common v0.5.1 h1:y24AEdiv74vKj3gkUZqra2ZCrMYWl2qMeGMynhW9yDU=
github.com/pendulea/pendule-common v0.5.1/go.mod h1:3wzl6/uscSujSjLBBtEZIHliAxfBtQHJRD0toK0o8rg=
github.com/pendulea/pendule-common v0.5.9 h1:aE4jG9y7EahUDSOwnDqcFc+ERLWRFtcZW7ihKGTiyiM=
github.com/pendulea/pendule-common v0.5.9/go.mod h1:3wzl6/uscSujSjLBBtEZIHliAxfBtQHJRD0toK0o8rg=
github.com/pendulea/pendule-common v0.6.1 h1:bIqzlBBUhpl1fylbzoeUocwo3jwO4Yy6hGQcAUF+qbs=
github.com/pendulea/pendule-common v0.6.1/go.mod h1:3wzl6/uscSujSjLBBtEZIHliAxfBtQHJRD0toK0o8rg=
github.com/pendulea/pendule-common v0.6.9 h1:bTJKxfbvj7M9NaHXN50r9UdWNI5wOKh29OqdaIgfeYk=
github.com/pendulea/pendule-common v0.6.9/go.mod h1:3wzl6/uscSujSjLBBtEZIHliAxfBtQHJRD0toK0o8rg=
github.com/pendulea/pendule-common v0.7.0 h1:9zbdoFLSO4RILXZjq/qq/6GDr0bXcgwZcMzVqETZJsU=
github.com/pendulea/pendule-common v0.7.0/go.mod h1:3wzl6/uscSujSjLBBtEZIHliAxfBtQHJRD0toK0o8rg=
github.com/pendulea/pendule-common v0.7.1 h1:XT2SuLhIX1TWTBKQUGa0k2taNB3ZsQW3rLH8vgdTmrc=
github.com/pendulea/pendule-common v0.7.1/go.mod h1:3wzl6/uscSujSjLBBtEZIHliAxfBtQHJRD0toK0o8rg=
github.com/pendulea/pendule-common v0.7.3 h1:dBZnPKR1ep/CdnhRsd+7QHxf51JQUTiwP9KqT8sIw1s=
github.com/pendulea/pendule-common v0.7.3/go.mod h1:3wzl6/uscSujSjLBBtEZIHliAxfBtQHJRD0toK0o8rg=
github.com/pendulea/pendule-common v0.7.9 h1:JKGh4zJaJDf6wOFglDDfx49pHkrPIgyKZ1BURXlB3zE=
github.com/pendulea/pendule-common v0.7.9/go.mod h1:5t/0tWs3l5fXSzZPIRgkUAa8GUkBy7QtjZRbkePh+Tg=
github.com/pendulea/pendule-common v0.8.1 h1:gJMpHUoL3sTwNtWssuhrGE7j4uYasBewlste4DYJBb8=
github.com/pendulea/pendule-common v0.8.1/go.mod h1:5t/0tWs3l5fXSzZPIRgkUAa8GUkBy7QtjZRbkePh+Tg=
github.com/pendulea/pendule-common v0.8.3 h1:h8isK7dNiSO56uBPSyFpSpA3W0okAmPJ428WgG5gyDQ=
github.com/pendulea/pendule-common v0.8.3/go.mod h1:5t/0tWs3l5fXSzZPIRgkUAa8GUkBy7QtjZRbkePh+Tg=
github.com/pendulea/pendule-common v0.8.4 h1:wO3n+NE6NB2YE3AjB44LJa7HOtwGppmQxYEQFyR0SYY=
github.com/pendulea/pendule-common v0.8.4/go.mod h1:5t/0tWs3l5fXSzZPIRgkUAa8GUkBy7QtjZRbkePh+Tg=
github.com/pendulea/pendule-common v0.8.5 h1:kjbL3BcCxLtq3T9gIQs4cjxwjkDsaveIWbVL8Z+gRiQ=
github.com/pendulea/pendule-common v0.8.5/go.mod h1:5t/0tWs3l5fXSzZPIRgkUAa8GUkBy7QtjZRbkePh+Tg=
github.com/pendulea/pendule-common v0.8.6 h1:3iDVJhkWd7XiOXDryCfLaq53UI2ka0288NtX5ITibbU=
github.com/pendulea/pendule-common v0.8.6/go.mod h1:5t/0tWs3l5fXSzZPIRgkUAa8GUkBy7QtjZRbkePh+Tg=
github.com/pendulea/pendule-common v0.8.7 h1:Ta4411jjW3TDVN0Mr7x34zWcEH5NMxdN4YPtb1apucY=
github.com/pendulea/pendule-common v0.8.7/go.mod h1:5t/0tWs3l5fXSzZPIRgkUAa8GUkBy7QtjZRbkePh+Tg=
github.com/pendulea/pendule-common v0.9.5 h1:kp8zX5767Mjvt8qPxkG8byG6Pgc0ynvmIJiohYA/gts=
github.com/pendulea/pendule-common v0.9.5/go.mod h1:Z18HWO0A0Fs3uwR9GHF7rv28zNQLIdlbt5JYP8vX8is=
github.com/pendulea/pendule-common v0.9.6 h1:+VeCdsJ59dn2MSusV4r5Zgmsm/H1Ml30sKhZd62CDKg=
github.com/pendulea/pendule-common v0.9.6/go.mod h1:Z18HWO0A0Fs3uwR9GHF7rv28zNQLIdlbt5JYP8vX8is=
github.com/pendulea/pendule-common v1.0.6 h1:uaEmkmj7Okf0NVc6l0gIpkkq71QenZsdcizU3pKcNZc=
github.com/pendulea/pendule-common v1.0.6/go.mod h1:Z18HWO0A0Fs3uwR9GHF7rv28zNQLIdlbt5JYP8vX8is=
github.com/pendulea/pendule-common v1.1.1 h1:nqYYEax6ybpfqFXeSaOJIsi45E+zZ7GXCFxUmg8RCP8=
github.com/pendulea/pendule-common v1.1.1/go.mod h1:Z18HWO0A0Fs3uwR9GHF7rv28zNQLIdlbt5JYP8vX8is=
github.com/pendulea/pendule-common v1.1.8 h1:QSzKHBpUh2sjNU61OHPyQBJ0rRPjCN/40SA+/O9e0WA=
github.com/pendulea/pendule-common v1.1.8/go.mod h1:Z18HWO0A0Fs3uwR9GHF7rv28zNQLIdlbt5JYP8vX8is=
github.com/pendulea/pendule-common v1.2.0 h1:Sm12JB16WM4It4/D6FZccmtiMERkakhUF9Q/7dJ8zkk=
github.com/pendulea/pendule-common v1.2.0/go.mod h1:Z18HWO0A0Fs3uwR9GHF7rv28zNQLIdlbt5JYP8vX8is=
github.com/pendulea/pendule-common v1.2.4 h1:T0db2xt868feXpYL3h2ORMKNHDOZ8oeSAfZSnfGmjOg=
github.com/pendulea/pendule-common v1.2.4/go.mod h1:Z18HWO0A0Fs3uwR9GHF7rv28zNQLIdlbt5JYP8vX8is=
github.com/pendulea/pendule-common v1.2.5 h1:Jg74xY4C54cU1ZP5jEtKDRUOukwSxSeWbkW/poSlN5c=
github.com/pendulea/pendule-common v1.2.5/go.mod h1:Z18HWO0A0Fs3uwR9GHF7rv28zNQLIdlbt5JYP8vX8is=
github.com/pmezard/go-difflib v1.0.0 h1:4DBwDE0NGyQoBHbLQYPwSUPoCMWR5BEzIk/f1lZbAQM=
github.com/pmezard/go-difflib v1.0.0/go.mod h1:iKH77koFhYxTK1pcRnkKkqfTogsbg7gZNVY4sRDYZ/4=
github.com/rivo/uniseg v0.1.0/go.mod h1:J6wj4VEh+S6ZtnVlnTBMWIodfgj8LQOQFoIToxlJtxc=
github.com/samber/lo v1.39.0 h1:4gTz1wUhNYLhFSKl6O+8peW0v2F4BCY034GRpU9WnuA=
github.com/samber/lo v1.39.0/go.mod h1:+m/ZKRl6ClXCE2Lgf3MsQlWfh4bn1bz6CXEOxnEXnEA=
github.com/scylladb/termtables v0.0.0-20191203121021-c4c0b6d42ff4/go.mod h1:C1a7PQSMz9NShzorzCiG2fk9+xuCgLkPeCvMHYR2OWg=
github.com/shopspring/decimal v1.4.0 h1:bxl37RwXBklmTi0C79JfXCEBD1cqqHt0bbgBAGFp81k=
github.com/shopspring/decimal v1.4.0/go.mod h1:gawqmDU56v4yIKSwfBSFip1HdCCXN8/+DMd9qYNcwME=
github.com/sirupsen/logrus v1.9.3 h1:dueUQJ1C2q9oE3F7wvmSGAaVtTmUizReu6fjN8uqzbQ=
github.com/sirupsen/logrus v1.9.3/go.mod h1:naHLuLoDiP4jHNo9R0sCBMtWGeIprob74mVsIT4qYEQ=
github.com/stretchr/objx v0.1.0/go.mod h1:HFkY916IF+rwdDfMAkV7OtwuqBVzrE8GR6GFx+wExME=
github.com/stretchr/testify v1.7.0 h1:nwc3DEeHmmLAfoZucVR881uASk0Mfjw8xYJ99tb5CcY=
github.com/stretchr/testify v1.7.0/go.mod h1:6Fq8oRcR53rry900zMqJjRRixrwX3KX962/h/Wwjteg=
golang.org/x/exp v0.0.0-20220303212507-bbda1eaf7a17 h1:3MTrJm4PyNL9NBqvYDSj3DHl46qQakyfqfWo4jgfaEM=
golang.org/x/exp v0.0.0-20220303212507-bbda1eaf7a17/go.mod h1:lgLbSvA5ygNOMpwM/9anMpWVlVJ7Z+cHWq/eFuinpGE=
golang.org/x/net v0.17.0 h1:pVaXccu2ozPjCXewfr1S7xza/zcXTity9cCdXQYSjIM=
golang.org/x/net v0.17.0/go.mod h1:NxSsAGuq816PNPmqtQdLE42eU2Fs7NoRIZrHJAlaCOE=
golang.org/x/sys v0.0.0-20220715151400-c0bba94af5f8/go.mod h1:oPkhp1MJrh7nUepCBck5+mAzfO9JrbApNNgaTdGDITg=
golang.org/x/sys v0.13.0 h1:Af8nKPmuFypiUBjVoU9V20FiaFXOcuZI21p0ycVYYGE=
golang.org/x/sys v0.13.0/go.mod h1:oPkhp1MJrh7nUepCBck5+mAzfO9JrbApNNgaTdGDITg=
gopkg.in/check.v1 v0.0.0-20161208181325-20d25e280405/go.mod h1:Co6ibVJAznAaIkqp8huTwlJQCZ016jof/cbN4VW5Yz0=
gopkg.in/yaml.v3 v3.0.0-20200313102051-9f266ea9e77c h1:dUUwHk2QECo/6vqA44rthZ8ie2QXMNeKRTHCNY2nXvo=
gopkg.in/yaml.v3 v3.0.0-20200313102051-9f266ea9e77c/go.mod h1:K4uyk7z7BCEPqu6E+C64Yfv1cQ7kz7rIZviUmN+EgEM=
